<?xml version="1.0" encoding="UTF-8"?>
<CodeBlocks_project_file>
	<FileVersion major="1" minor="6"/>
	<Project>
		<Option title="gnomehw"/>
		<Option makefile_is_custom="1"/>
		<Option compiler="gcc"/>
		<Option virtualFolders="CMake Files\;"/>
		<Build>
			<Target title="all">
				<Option working_dir="/home/gavinr/CLionProjects/gnomehw"/>
				<Option type="4"/>
				<MakeCommands>
					<Build command="/usr/bin/make -j2 -f &quot;/home/gavinr/CLionProjects/gnomehw/Makefile&quot;  VERBOSE=1 all"/>
					<CompileFile command="/usr/bin/make -j2 -f &quot;/home/gavinr/CLionProjects/gnomehw/Makefile&quot;  VERBOSE=1 &quot;$file&quot;"/>
					<Clean command="/usr/bin/make -j2 -f &quot;/home/gavinr/CLionProjects/gnomehw/Makefile&quot;  VERBOSE=1 clean"/>
					<DistClean command="/usr/bin/make -j2 -f &quot;/home/gavinr/CLionProjects/gnomehw/Makefile&quot;  VERBOSE=1 clean"/>
				</MakeCommands>
			</Target>
			<Target title="edit_cache">
				<Option working_dir="/home/gavinr/CLionProjects/gnomehw"/>
				<Option type="4"/>
				<MakeCommands>
					<Build command="/usr/bin/make -j2 -f &quot;/home/gavinr/CLionProjects/gnomehw/Makefile&quot;  VERBOSE=1 edit_cache"/>
					<CompileFile command="/usr/bin/make -j2 -f &quot;/home/gavinr/CLionProjects/gnomehw/Makefile&quot;  VERBOSE=1 &quot;$file&quot;"/>
					<Clean command="/usr/bin/make -j2 -f &quot;/home/gavinr/CLionProjects/gnomehw/Makefile&quot;  VERBOSE=1 clean"/>
					<DistClean command="/usr/bin/make -j2 -f &quot;/home/gavinr/CLionProjects/gnomehw/Makefile&quot;  VERBOSE=1 clean"/>
				</MakeCommands>
			</Target>
			<Target title="rebuild_cache">
				<Option working_dir="/home/gavinr/CLionProjects/gnomehw"/>
				<Option type="4"/>
				<MakeCommands>
					<Build command="/usr/bin/make -j2 -f &quot;/home/gavinr/CLionProjects/gnomehw/Makefile&quot;  VERBOSE=1 rebuild_cache"/>
					<CompileFile command="/usr/bin/make -j2 -f &quot;/home/gavinr/CLionProjects/gnomehw/Makefile&quot;  VERBOSE=1 &quot;$file&quot;"/>
					<Clean command="/usr/bin/make -j2 -f &quot;/home/gavinr/CLionProjects/gnomehw/Makefile&quot;  VERBOSE=1 clean"/>
					<DistClean command="/usr/bin/make -j2 -f &quot;/home/gavinr/CLionProjects/gnomehw/Makefile&quot;  VERBOSE=1 clean"/>
				</MakeCommands>
			</Target>
			<Target title="gnomehw">
				<Option output="/home/gavinr/CLionProjects/gnomehw/bin/gnomehw" prefix_auto="0" extension_auto="0"/>
				<Option working_dir="/home/gavinr/CLionProjects/gnomehw/bin"/>
				<Option object_output="./"/>
				<Option type="1"/>
				<Option compiler="gcc"/>
				<Compiler>
					<Add directory="/home/gavinr/jhbuild/install/include/gtkmm-4.0"/>
					<Add directory="/home/gavinr/jhbuild/install/lib/gtkmm-4.0/include"/>
					<Add directory="/home/gavinr/jhbuild/install/include/giomm-2.68"/>
					<Add directory="/home/gavinr/jhbuild/install/lib/giomm-2.68/include"/>
					<Add directory="/home/gavinr/jhbuild/install/include"/>
					<Add directory="/home/gavinr/jhbuild/install/include/glib-2.0"/>
					<Add directory="/home/gavinr/jhbuild/install/lib/glib-2.0/include"/>
					<Add directory="/home/gavinr/jhbuild/install/include/glibmm-2.68"/>
					<Add directory="/home/gavinr/jhbuild/install/lib/glibmm-2.68/include"/>
					<Add directory="/home/gavinr/jhbuild/install/include/sigc++-3.0"/>
					<Add directory="/home/gavinr/jhbuild/install/lib/sigc++-3.0/include"/>
					<Add directory="/home/gavinr/jhbuild/install/include/gtk-4.0"/>
					<Add directory="/home/gavinr/jhbuild/install/include/pango-1.0"/>
					<Add directory="/home/gavinr/jhbuild/install/include/harfbuzz"/>
					<Add directory="/usr/include/freetype2"/>
					<Add directory="/usr/include/libpng16"/>
					<Add directory="/home/gavinr/jhbuild/install/include/fribidi"/>
					<Add directory="/home/gavinr/jhbuild/install/include/cairo"/>
					<Add directory="/home/gavinr/jhbuild/install/include/pixman-1"/>
					<Add directory="/home/gavinr/jhbuild/install/include/gdk-pixbuf-2.0"/>
					<Add directory="/home/gavinr/jhbuild/install/include/graphene-1.0"/>
					<Add directory="/home/gavinr/jhbuild/install/lib/graphene-1.0/include"/>
					<Add directory="/home/gavinr/jhbuild/install/include/gio-unix-2.0"/>
					<Add directory="/usr/include/libdrm"/>
					<Add directory="/home/gavinr/jhbuild/install/include/cairomm-1.16"/>
					<Add directory="/home/gavinr/jhbuild/install/lib/cairomm-1.16/include"/>
					<Add directory="/home/gavinr/jhbuild/install/include/pangomm-2.48"/>
					<Add directory="/home/gavinr/jhbuild/install/lib/pangomm-2.48/include"/>
					<Add directory="/home/gavinr/jhbuild/install/include/gtk-4.0/unix-print"/>
					<Add directory="/usr/include/c++/7"/>
					<Add directory="/usr/include/x86_64-linux-gnu/c++/7"/>
					<Add directory="/usr/include/c++/7/backward"/>
					<Add directory="/usr/lib/gcc/x86_64-linux-gnu/7/include"/>
					<Add directory="/usr/local/include"/>
					<Add directory="/usr/lib/gcc/x86_64-linux-gnu/7/include-fixed"/>
					<Add directory="/usr/include/x86_64-linux-gnu"/>
					<Add directory="/usr/include"/>
				</Compiler>
				<MakeCommands>
					<Build command="/usr/bin/make -j2 -f &quot;/home/gavinr/CLionProjects/gnomehw/Makefile&quot;  VERBOSE=1 gnomehw"/>
					<CompileFile command="/usr/bin/make -j2 -f &quot;/home/gavinr/CLionProjects/gnomehw/Makefile&quot;  VERBOSE=1 &quot;$file&quot;"/>
					<Clean command="/usr/bin/make -j2 -f &quot;/home/gavinr/CLionProjects/gnomehw/Makefile&quot;  VERBOSE=1 clean"/>
					<DistClean command="/usr/bin/make -j2 -f &quot;/home/gavinr/CLionProjects/gnomehw/Makefile&quot;  VERBOSE=1 clean"/>
				</MakeCommands>
			</Target>
			<Target title="gnomehw/fast">
				<Option output="/home/gavinr/CLionProjects/gnomehw/bin/gnomehw" prefix_auto="0" extension_auto="0"/>
				<Option working_dir="/home/gavinr/CLionProjects/gnomehw/bin"/>
				<Option object_output="./"/>
				<Option type="1"/>
				<Option compiler="gcc"/>
				<Compiler>
					<Add directory="/home/gavinr/jhbuild/install/include/gtkmm-4.0"/>
					<Add directory="/home/gavinr/jhbuild/install/lib/gtkmm-4.0/include"/>
					<Add directory="/home/gavinr/jhbuild/install/include/giomm-2.68"/>
					<Add directory="/home/gavinr/jhbuild/install/lib/giomm-2.68/include"/>
					<Add directory="/home/gavinr/jhbuild/install/include"/>
					<Add directory="/home/gavinr/jhbuild/install/include/glib-2.0"/>
					<Add directory="/home/gavinr/jhbuild/install/lib/glib-2.0/include"/>
					<Add directory="/home/gavinr/jhbuild/install/include/glibmm-2.68"/>
					<Add directory="/home/gavinr/jhbuild/install/lib/glibmm-2.68/include"/>
					<Add directory="/home/gavinr/jhbuild/install/include/sigc++-3.0"/>
					<Add directory="/home/gavinr/jhbuild/install/lib/sigc++-3.0/include"/>
					<Add directory="/home/gavinr/jhbuild/install/include/gtk-4.0"/>
					<Add directory="/home/gavinr/jhbuild/install/include/pango-1.0"/>
					<Add directory="/home/gavinr/jhbuild/install/include/harfbuzz"/>
					<Add directory="/usr/include/freetype2"/>
					<Add directory="/usr/include/libpng16"/>
					<Add directory="/home/gavinr/jhbuild/install/include/fribidi"/>
					<Add directory="/home/gavinr/jhbuild/install/include/cairo"/>
					<Add directory="/home/gavinr/jhbuild/install/include/pixman-1"/>
					<Add directory="/home/gavinr/jhbuild/install/include/gdk-pixbuf-2.0"/>
					<Add directory="/home/gavinr/jhbuild/install/include/graphene-1.0"/>
					<Add directory="/home/gavinr/jhbuild/install/lib/graphene-1.0/include"/>
					<Add directory="/home/gavinr/jhbuild/install/include/gio-unix-2.0"/>
					<Add directory="/usr/include/libdrm"/>
					<Add directory="/home/gavinr/jhbuild/install/include/cairomm-1.16"/>
					<Add directory="/home/gavinr/jhbuild/install/lib/cairomm-1.16/include"/>
					<Add directory="/home/gavinr/jhbuild/install/include/pangomm-2.48"/>
					<Add directory="/home/gavinr/jhbuild/install/lib/pangomm-2.48/include"/>
					<Add directory="/home/gavinr/jhbuild/install/include/gtk-4.0/unix-print"/>
					<Add directory="/usr/include/c++/7"/>
					<Add directory="/usr/include/x86_64-linux-gnu/c++/7"/>
					<Add directory="/usr/include/c++/7/backward"/>
					<Add directory="/usr/lib/gcc/x86_64-linux-gnu/7/include"/>
					<Add directory="/usr/local/include"/>
					<Add directory="/usr/lib/gcc/x86_64-linux-gnu/7/include-fixed"/>
					<Add directory="/usr/include/x86_64-linux-gnu"/>
					<Add directory="/usr/include"/>
				</Compiler>
				<MakeCommands>
					<Build command="/usr/bin/make -j2 -f &quot;/home/gavinr/CLionProjects/gnomehw/Makefile&quot;  VERBOSE=1 gnomehw/fast"/>
					<CompileFile command="/usr/bin/make -j2 -f &quot;/home/gavinr/CLionProjects/gnomehw/Makefile&quot;  VERBOSE=1 &quot;$file&quot;"/>
					<Clean command="/usr/bin/make -j2 -f &quot;/home/gavinr/CLionProjects/gnomehw/Makefile&quot;  VERBOSE=1 clean"/>
					<DistClean command="/usr/bin/make -j2 -f &quot;/home/gavinr/CLionProjects/gnomehw/Makefile&quot;  VERBOSE=1 clean"/>
				</MakeCommands>
			</Target>
		</Build>
		<Unit filename="/home/gavinr/CLionProjects/gnomehw/main.cpp">
			<Option target="gnomehw"/>
		</Unit>
		<Unit filename="/home/gavinr/CLionProjects/gnomehw/myGnomeWindow.cpp">
			<Option target="gnomehw"/>
		</Unit>
		<Unit filename="/home/gavinr/CLionProjects/gnomehw/myGnomeWindow.h">
			<Option target="gnomehw"/>
		</Unit>
		<Unit filename="/home/gavinr/CLionProjects/gnomehw/myUtils.cpp">
			<Option target="gnomehw"/>
		</Unit>
		<Unit filename="/home/gavinr/CLionProjects/gnomehw/myUtils.h">
			<Option target="gnomehw"/>
		</Unit>
		<Unit filename="/home/gavinr/CLionProjects/gnomehw/CMakeLists.txt">
			<Option virtualFolder="CMake Files\"/>
		</Unit>
	</Project>
</CodeBlocks_project_file>
